
Microsoft Visual Studio Solution File, Format Version 12.00
# Visual Studio Version 17
VisualStudioVersion = 17.7.34018.315
MinimumVisualStudioVersion = 10.0.40219.1
Project("{FAE04EC0-301F-11D3-BF4B-00C04F79EFBC}") = "Back_Projet_RPG", "Back_Projet_RPG\Back_Projet_RPG.csproj", "{16F5BFEC-AA65-42AD-9B82-DF84FCD0833A}"
EndProject
Global
	GlobalSection(SolutionConfigurationPlatforms) = preSolution
		Debug|Any CPU = Debug|Any CPU
		Release|Any CPU = Release|Any CPU
	EndGlobalSection
	GlobalSection(ProjectConfigurationPlatforms) = postSolution
		{16F5BFEC-AA65-42AD-9B82-DF84FCD0833A}.Debug|Any CPU.ActiveCfg = Debug|Any CPU
		{16F5BFEC-AA65-42AD-9B82-DF84FCD0833A}.Debug|Any CPU.Build.0 = Debug|Any CPU
		{16F5BFEC-AA65-42AD-9B82-DF84FCD0833A}.Release|Any CPU.ActiveCfg = Release|Any CPU
		{16F5BFEC-AA65-42AD-9B82-DF84FCD0833A}.Release|Any CPU.Build.0 = Release|Any CPU
	EndGlobalSection
	GlobalSection(SolutionProperties) = preSolution
		HideSolutionNode = FALSE
	EndGlobalSection
	GlobalSection(ExtensibilityGlobals) = postSolution
		SolutionGuid = {4DC04174-BE8B-48E4-9410-F6DB23345B2F}
	EndGlobalSection
EndGlobal
